
Microsoft Visual Studio Solution File, Format Version 12.00
# Visual Studio Version 17
VisualStudioVersion = 17.0.31423.177
MinimumVisualStudioVersion = 10.0.40219.1
Project("{9A19103F-16F7-4668-BE54-9A1E7A4F7556}") = "WEB", "WEBAPP01\WEB.csproj", "{0556EFE4-B008-48C7-8A05-385C12C99181}"
EndProject
Project("{FAE04EC0-301F-11D3-BF4B-00C04F79EFBC}") = "ENT", "ENT\ENT.csproj", "{013C7370-F289-4557-9A76-021086643A71}"
EndProject
Project("{9A19103F-16F7-4668-BE54-9A1E7A4F7556}") = "DAL", "DAL\DAL.csproj", "{AF6AB58F-92FA-43F1-A6DF-C53B93DE1570}"
EndProject
Project("{FAE04EC0-301F-11D3-BF4B-00C04F79EFBC}") = "NEG", "NEG\NEG\NEG.csproj", "{0A6CB7D2-30AA-4DAF-9106-F529D688CC42}"
EndProject
Project("{2150E333-8FDC-42A3-9474-1A3956D46DE8}") = "ScriptsSql", "ScriptsSql", "{18AD56EB-7DA4-4EBF-924A-33CBEF69196D}"
	ProjectSection(SolutionItems) = preProject
		DDL_CREATE__TABLE.sql = DDL_CREATE__TABLE.sql
	EndProjectSection
EndProject
Global
	GlobalSection(SolutionConfigurationPlatforms) = preSolution
		Debug|Any CPU = Debug|Any CPU
		Debug|ARM = Debug|ARM
		Debug|ARM64 = Debug|ARM64
		Debug|x64 = Debug|x64
		Debug|x86 = Debug|x86
		Release|Any CPU = Release|Any CPU
		Release|ARM = Release|ARM
		Release|ARM64 = Release|ARM64
		Release|x64 = Release|x64
		Release|x86 = Release|x86
	EndGlobalSection
	GlobalSection(ProjectConfigurationPlatforms) = postSolution
		{0556EFE4-B008-48C7-8A05-385C12C99181}.Debug|Any CPU.ActiveCfg = Debug|Any CPU
		{0556EFE4-B008-48C7-8A05-385C12C99181}.Debug|Any CPU.Build.0 = Debug|Any CPU
		{0556EFE4-B008-48C7-8A05-385C12C99181}.Debug|ARM.ActiveCfg = Debug|Any CPU
		{0556EFE4-B008-48C7-8A05-385C12C99181}.Debug|ARM.Build.0 = Debug|Any CPU
		{0556EFE4-B008-48C7-8A05-385C12C99181}.Debug|ARM64.ActiveCfg = Debug|Any CPU
		{0556EFE4-B008-48C7-8A05-385C12C99181}.Debug|ARM64.Build.0 = Debug|Any CPU
		{0556EFE4-B008-48C7-8A05-385C12C99181}.Debug|x64.ActiveCfg = Debug|Any CPU
		{0556EFE4-B008-48C7-8A05-385C12C99181}.Debug|x64.Build.0 = Debug|Any CPU
		{0556EFE4-B008-48C7-8A05-385C12C99181}.Debug|x86.ActiveCfg = Debug|Any CPU
		{0556EFE4-B008-48C7-8A05-385C12C99181}.Debug|x86.Build.0 = Debug|Any CPU
		{0556EFE4-B008-48C7-8A05-385C12C99181}.Release|Any CPU.ActiveCfg = Release|Any CPU
		{0556EFE4-B008-48C7-8A05-385C12C99181}.Release|Any CPU.Build.0 = Release|Any CPU
		{0556EFE4-B008-48C7-8A05-385C12C99181}.Release|ARM.ActiveCfg = Release|Any CPU
		{0556EFE4-B008-48C7-8A05-385C12C99181}.Release|ARM.Build.0 = Release|Any CPU
		{0556EFE4-B008-48C7-8A05-385C12C99181}.Release|ARM64.ActiveCfg = Release|Any CPU
		{0556EFE4-B008-48C7-8A05-385C12C99181}.Release|ARM64.Build.0 = Release|Any CPU
		{0556EFE4-B008-48C7-8A05-385C12C99181}.Release|x64.ActiveCfg = Release|Any CPU
		{0556EFE4-B008-48C7-8A05-385C12C99181}.Release|x64.Build.0 = Release|Any CPU
		{0556EFE4-B008-48C7-8A05-385C12C99181}.Release|x86.ActiveCfg = Release|Any CPU
		{0556EFE4-B008-48C7-8A05-385C12C99181}.Release|x86.Build.0 = Release|Any CPU
		{013C7370-F289-4557-9A76-021086643A71}.Debug|Any CPU.ActiveCfg = Debug|Any CPU
		{013C7370-F289-4557-9A76-021086643A71}.Debug|Any CPU.Build.0 = Debug|Any CPU
		{013C7370-F289-4557-9A76-021086643A71}.Debug|ARM.ActiveCfg = Debug|Any CPU
		{013C7370-F289-4557-9A76-021086643A71}.Debug|ARM.Build.0 = Debug|Any CPU
		{013C7370-F289-4557-9A76-021086643A71}.Debug|ARM64.ActiveCfg = Debug|Any CPU
		{013C7370-F289-4557-9A76-021086643A71}.Debug|ARM64.Build.0 = Debug|Any CPU
		{013C7370-F289-4557-9A76-021086643A71}.Debug|x64.ActiveCfg = Debug|Any CPU
		{013C7370-F289-4557-9A76-021086643A71}.Debug|x64.Build.0 = Debug|Any CPU
		{013C7370-F289-4557-9A76-021086643A71}.Debug|x86.ActiveCfg = Debug|Any CPU
		{013C7370-F289-4557-9A76-021086643A71}.Debug|x86.Build.0 = Debug|Any CPU
		{013C7370-F289-4557-9A76-021086643A71}.Release|Any CPU.ActiveCfg = Release|Any CPU
		{013C7370-F289-4557-9A76-021086643A71}.Release|Any CPU.Build.0 = Release|Any CPU
		{013C7370-F289-4557-9A76-021086643A71}.Release|ARM.ActiveCfg = Release|Any CPU
		{013C7370-F289-4557-9A76-021086643A71}.Release|ARM.Build.0 = Release|Any CPU
		{013C7370-F289-4557-9A76-021086643A71}.Release|ARM64.ActiveCfg = Release|Any CPU
		{013C7370-F289-4557-9A76-021086643A71}.Release|ARM64.Build.0 = Release|Any CPU
		{013C7370-F289-4557-9A76-021086643A71}.Release|x64.ActiveCfg = Release|Any CPU
		{013C7370-F289-4557-9A76-021086643A71}.Release|x64.Build.0 = Release|Any CPU
		{013C7370-F289-4557-9A76-021086643A71}.Release|x86.ActiveCfg = Release|Any CPU
		{013C7370-F289-4557-9A76-021086643A71}.Release|x86.Build.0 = Release|Any CPU
		{AF6AB58F-92FA-43F1-A6DF-C53B93DE1570}.Debug|Any CPU.ActiveCfg = Debug|Any CPU
		{AF6AB58F-92FA-43F1-A6DF-C53B93DE1570}.Debug|Any CPU.Build.0 = Debug|Any CPU
		{AF6AB58F-92FA-43F1-A6DF-C53B93DE1570}.Debug|ARM.ActiveCfg = Debug|Any CPU
		{AF6AB58F-92FA-43F1-A6DF-C53B93DE1570}.Debug|ARM.Build.0 = Debug|Any CPU
		{AF6AB58F-92FA-43F1-A6DF-C53B93DE1570}.Debug|ARM64.ActiveCfg = Debug|Any CPU
		{AF6AB58F-92FA-43F1-A6DF-C53B93DE1570}.Debug|ARM64.Build.0 = Debug|Any CPU
		{AF6AB58F-92FA-43F1-A6DF-C53B93DE1570}.Debug|x64.ActiveCfg = Debug|Any CPU
		{AF6AB58F-92FA-43F1-A6DF-C53B93DE1570}.Debug|x64.Build.0 = Debug|Any CPU
		{AF6AB58F-92FA-43F1-A6DF-C53B93DE1570}.Debug|x86.ActiveCfg = Debug|Any CPU
		{AF6AB58F-92FA-43F1-A6DF-C53B93DE1570}.Debug|x86.Build.0 = Debug|Any CPU
		{AF6AB58F-92FA-43F1-A6DF-C53B93DE1570}.Release|Any CPU.ActiveCfg = Release|Any CPU
		{AF6AB58F-92FA-43F1-A6DF-C53B93DE1570}.Release|Any CPU.Build.0 = Release|Any CPU
		{AF6AB58F-92FA-43F1-A6DF-C53B93DE1570}.Release|ARM.ActiveCfg = Release|Any CPU
		{AF6AB58F-92FA-43F1-A6DF-C53B93DE1570}.Release|ARM.Build.0 = Release|Any CPU
		{AF6AB58F-92FA-43F1-A6DF-C53B93DE1570}.Release|ARM64.ActiveCfg = Release|Any CPU
		{AF6AB58F-92FA-43F1-A6DF-C53B93DE1570}.Release|ARM64.Build.0 = Release|Any CPU
		{AF6AB58F-92FA-43F1-A6DF-C53B93DE1570}.Release|x64.ActiveCfg = Release|Any CPU
		{AF6AB58F-92FA-43F1-A6DF-C53B93DE1570}.Release|x64.Build.0 = Release|Any CPU
		{AF6AB58F-92FA-43F1-A6DF-C53B93DE1570}.Release|x86.ActiveCfg = Release|Any CPU
		{AF6AB58F-92FA-43F1-A6DF-C53B93DE1570}.Release|x86.Build.0 = Release|Any CPU
		{0A6CB7D2-30AA-4DAF-9106-F529D688CC42}.Debug|Any CPU.ActiveCfg = Debug|Any CPU
		{0A6CB7D2-30AA-4DAF-9106-F529D688CC42}.Debug|Any CPU.Build.0 = Debug|Any CPU
		{0A6CB7D2-30AA-4DAF-9106-F529D688CC42}.Debug|ARM.ActiveCfg = Debug|Any CPU
		{0A6CB7D2-30AA-4DAF-9106-F529D688CC42}.Debug|ARM.Build.0 = Debug|Any CPU
		{0A6CB7D2-30AA-4DAF-9106-F529D688CC42}.Debug|ARM64.ActiveCfg = Debug|Any CPU
		{0A6CB7D2-30AA-4DAF-9106-F529D688CC42}.Debug|ARM64.Build.0 = Debug|Any CPU
		{0A6CB7D2-30AA-4DAF-9106-F529D688CC42}.Debug|x64.ActiveCfg = Debug|Any CPU
		{0A6CB7D2-30AA-4DAF-9106-F529D688CC42}.Debug|x64.Build.0 = Debug|Any CPU
		{0A6CB7D2-30AA-4DAF-9106-F529D688CC42}.Debug|x86.ActiveCfg = Debug|Any CPU
		{0A6CB7D2-30AA-4DAF-9106-F529D688CC42}.Debug|x86.Build.0 = Debug|Any CPU
		{0A6CB7D2-30AA-4DAF-9106-F529D688CC42}.Release|Any CPU.ActiveCfg = Release|Any CPU
		{0A6CB7D2-30AA-4DAF-9106-F529D688CC42}.Release|Any CPU.Build.0 = Release|Any CPU
		{0A6CB7D2-30AA-4DAF-9106-F529D688CC42}.Release|ARM.ActiveCfg = Release|Any CPU
		{0A6CB7D2-30AA-4DAF-9106-F529D688CC42}.Release|ARM.Build.0 = Release|Any CPU
		{0A6CB7D2-30AA-4DAF-9106-F529D688CC42}.Release|ARM64.ActiveCfg = Release|Any CPU
		{0A6CB7D2-30AA-4DAF-9106-F529D688CC42}.Release|ARM64.Build.0 = Release|Any CPU
		{0A6CB7D2-30AA-4DAF-9106-F529D688CC42}.Release|x64.ActiveCfg = Release|Any CPU
		{0A6CB7D2-30AA-4DAF-9106-F529D688CC42}.Release|x64.Build.0 = Release|Any CPU
		{0A6CB7D2-30AA-4DAF-9106-F529D688CC42}.Release|x86.ActiveCfg = Release|Any CPU
		{0A6CB7D2-30AA-4DAF-9106-F529D688CC42}.Release|x86.Build.0 = Release|Any CPU
	EndGlobalSection
	GlobalSection(SolutionProperties) = preSolution
		HideSolutionNode = FALSE
	EndGlobalSection
	GlobalSection(ExtensibilityGlobals) = postSolution
		SolutionGuid = {4CD43D69-7E4A-4B07-BA89-95706C7431BF}
	EndGlobalSection
EndGlobal
